
Microsoft Visual Studio Solution File, Format Version 12.00
# Visual Studio 15
VisualStudioVersion = 15.0.28010.2048
MinimumVisualStudioVersion = 10.0.40219.1
Project("{FAE04EC0-301F-11D3-BF4B-00C04F79EFBC}") = "SPLab6", "SPLabs\SPLab6.csproj", "{7A3EBA07-E12E-4500-97C8-E75E12B7307B}"
EndProject
Global
	GlobalSection(SolutionConfigurationPlatforms) = preSolution
		Debug|Any CPU = Debug|Any CPU
		Release|Any CPU = Release|Any CPU
	EndGlobalSection
	GlobalSection(ProjectConfigurationPlatforms) = postSolution
		{7A3EBA07-E12E-4500-97C8-E75E12B7307B}.Debug|Any CPU.ActiveCfg = Debug|Any CPU
		{7A3EBA07-E12E-4500-97C8-E75E12B7307B}.Debug|Any CPU.Build.0 = Debug|Any CPU
		{7A3EBA07-E12E-4500-97C8-E75E12B7307B}.Release|Any CPU.ActiveCfg = Release|Any CPU
		{7A3EBA07-E12E-4500-97C8-E75E12B7307B}.Release|Any CPU.Build.0 = Release|Any CPU
	EndGlobalSection
	GlobalSection(SolutionProperties) = preSolution
		HideSolutionNode = FALSE
	EndGlobalSection
	GlobalSection(ExtensibilityGlobals) = postSolution
		SolutionGuid = {C5E167C0-4F67-45A1-8304-1DD4F18B3CD6}
	EndGlobalSection
EndGlobal
