
Microsoft Visual Studio Solution File, Format Version 12.00
# Visual Studio 15
VisualStudioVersion = 15.0.28010.2048
MinimumVisualStudioVersion = 10.0.40219.1
Project("{FAE04EC0-301F-11D3-BF4B-00C04F79EFBC}") = "SPLab6", "SPLabs\SPLab6.csproj", "{7A3EBA07-E12E-4500-97C8-E75E12B7307B}"
EndProject
Project("{FAE04EC0-301F-11D3-BF4B-00C04F79EFBC}") = "SPLab7", "SPLab7\SPLab7.csproj", "{043CE1FE-5BA2-4816-A812-43B13BDDB509}"
EndProject
Project("{FAE04EC0-301F-11D3-BF4B-00C04F79EFBC}") = "SPLab8", "SPLab8\SPLab8.csproj", "{9CAF3F9F-1B70-4665-94C0-6485B445522B}"
EndProject
Project("{FAE04EC0-301F-11D3-BF4B-00C04F79EFBC}") = "SPLab9", "SPLab9\SPLab9.csproj", "{C0295E55-F673-4D28-B27D-F65875AFF3EC}"
EndProject
Project("{FAE04EC0-301F-11D3-BF4B-00C04F79EFBC}") = "SPLab10", "SPLab10\SPLab10.csproj", "{1129E4DC-0FF9-4221-8E85-3ED3CE22E7B0}"
EndProject
Project("{FAE04EC0-301F-11D3-BF4B-00C04F79EFBC}") = "SPLab11_3", "SPLab11_3\SPLab11_3.csproj", "{B33547B3-DC18-4720-B1FD-A2C64F38BB4F}"
EndProject
Project("{FAE04EC0-301F-11D3-BF4B-00C04F79EFBC}") = "SPLab12_4", "SPLab12_4\SPLab12_4.csproj", "{26FAEEB6-4241-4738-BE60-847CF3AB016B}"
EndProject
Project("{FAE04EC0-301F-11D3-BF4B-00C04F79EFBC}") = "SPLab13", "SPLab13\SPLab13.csproj", "{D38DB49F-1367-4C8D-A54D-AC51109744F2}"
EndProject
Project("{FAE04EC0-301F-11D3-BF4B-00C04F79EFBC}") = "SPLab14_1", "SPLab14_1\SPLab14_1.csproj", "{CB9E4E45-CCAA-457D-9771-16FF70377CAC}"
EndProject
Global
	GlobalSection(SolutionConfigurationPlatforms) = preSolution
		Debug|Any CPU = Debug|Any CPU
		Debug|x64 = Debug|x64
		Release|Any CPU = Release|Any CPU
		Release|x64 = Release|x64
	EndGlobalSection
	GlobalSection(ProjectConfigurationPlatforms) = postSolution
		{7A3EBA07-E12E-4500-97C8-E75E12B7307B}.Debug|Any CPU.ActiveCfg = Debug|Any CPU
		{7A3EBA07-E12E-4500-97C8-E75E12B7307B}.Debug|Any CPU.Build.0 = Debug|Any CPU
		{7A3EBA07-E12E-4500-97C8-E75E12B7307B}.Debug|x64.ActiveCfg = Debug|Any CPU
		{7A3EBA07-E12E-4500-97C8-E75E12B7307B}.Debug|x64.Build.0 = Debug|Any CPU
		{7A3EBA07-E12E-4500-97C8-E75E12B7307B}.Release|Any CPU.ActiveCfg = Release|Any CPU
		{7A3EBA07-E12E-4500-97C8-E75E12B7307B}.Release|Any CPU.Build.0 = Release|Any CPU
		{7A3EBA07-E12E-4500-97C8-E75E12B7307B}.Release|x64.ActiveCfg = Release|Any CPU
		{7A3EBA07-E12E-4500-97C8-E75E12B7307B}.Release|x64.Build.0 = Release|Any CPU
		{043CE1FE-5BA2-4816-A812-43B13BDDB509}.Debug|Any CPU.ActiveCfg = Debug|Any CPU
		{043CE1FE-5BA2-4816-A812-43B13BDDB509}.Debug|Any CPU.Build.0 = Debug|Any CPU
		{043CE1FE-5BA2-4816-A812-43B13BDDB509}.Debug|x64.ActiveCfg = Debug|Any CPU
		{043CE1FE-5BA2-4816-A812-43B13BDDB509}.Debug|x64.Build.0 = Debug|Any CPU
		{043CE1FE-5BA2-4816-A812-43B13BDDB509}.Release|Any CPU.ActiveCfg = Release|Any CPU
		{043CE1FE-5BA2-4816-A812-43B13BDDB509}.Release|Any CPU.Build.0 = Release|Any CPU
		{043CE1FE-5BA2-4816-A812-43B13BDDB509}.Release|x64.ActiveCfg = Release|Any CPU
		{043CE1FE-5BA2-4816-A812-43B13BDDB509}.Release|x64.Build.0 = Release|Any CPU
		{9CAF3F9F-1B70-4665-94C0-6485B445522B}.Debug|Any CPU.ActiveCfg = Debug|Any CPU
		{9CAF3F9F-1B70-4665-94C0-6485B445522B}.Debug|Any CPU.Build.0 = Debug|Any CPU
		{9CAF3F9F-1B70-4665-94C0-6485B445522B}.Debug|x64.ActiveCfg = Debug|Any CPU
		{9CAF3F9F-1B70-4665-94C0-6485B445522B}.Debug|x64.Build.0 = Debug|Any CPU
		{9CAF3F9F-1B70-4665-94C0-6485B445522B}.Release|Any CPU.ActiveCfg = Release|Any CPU
		{9CAF3F9F-1B70-4665-94C0-6485B445522B}.Release|Any CPU.Build.0 = Release|Any CPU
		{9CAF3F9F-1B70-4665-94C0-6485B445522B}.Release|x64.ActiveCfg = Release|Any CPU
		{9CAF3F9F-1B70-4665-94C0-6485B445522B}.Release|x64.Build.0 = Release|Any CPU
		{C0295E55-F673-4D28-B27D-F65875AFF3EC}.Debug|Any CPU.ActiveCfg = Debug|Any CPU
		{C0295E55-F673-4D28-B27D-F65875AFF3EC}.Debug|Any CPU.Build.0 = Debug|Any CPU
		{C0295E55-F673-4D28-B27D-F65875AFF3EC}.Debug|x64.ActiveCfg = Debug|Any CPU
		{C0295E55-F673-4D28-B27D-F65875AFF3EC}.Debug|x64.Build.0 = Debug|Any CPU
		{C0295E55-F673-4D28-B27D-F65875AFF3EC}.Release|Any CPU.ActiveCfg = Release|Any CPU
		{C0295E55-F673-4D28-B27D-F65875AFF3EC}.Release|Any CPU.Build.0 = Release|Any CPU
		{C0295E55-F673-4D28-B27D-F65875AFF3EC}.Release|x64.ActiveCfg = Release|Any CPU
		{C0295E55-F673-4D28-B27D-F65875AFF3EC}.Release|x64.Build.0 = Release|Any CPU
		{1129E4DC-0FF9-4221-8E85-3ED3CE22E7B0}.Debug|Any CPU.ActiveCfg = Debug|Any CPU
		{1129E4DC-0FF9-4221-8E85-3ED3CE22E7B0}.Debug|Any CPU.Build.0 = Debug|Any CPU
		{1129E4DC-0FF9-4221-8E85-3ED3CE22E7B0}.Debug|x64.ActiveCfg = Debug|Any CPU
		{1129E4DC-0FF9-4221-8E85-3ED3CE22E7B0}.Debug|x64.Build.0 = Debug|Any CPU
		{1129E4DC-0FF9-4221-8E85-3ED3CE22E7B0}.Release|Any CPU.ActiveCfg = Release|Any CPU
		{1129E4DC-0FF9-4221-8E85-3ED3CE22E7B0}.Release|Any CPU.Build.0 = Release|Any CPU
		{1129E4DC-0FF9-4221-8E85-3ED3CE22E7B0}.Release|x64.ActiveCfg = Release|Any CPU
		{1129E4DC-0FF9-4221-8E85-3ED3CE22E7B0}.Release|x64.Build.0 = Release|Any CPU
		{B33547B3-DC18-4720-B1FD-A2C64F38BB4F}.Debug|Any CPU.ActiveCfg = Debug|Any CPU
		{B33547B3-DC18-4720-B1FD-A2C64F38BB4F}.Debug|Any CPU.Build.0 = Debug|Any CPU
		{B33547B3-DC18-4720-B1FD-A2C64F38BB4F}.Debug|x64.ActiveCfg = Debug|Any CPU
		{B33547B3-DC18-4720-B1FD-A2C64F38BB4F}.Debug|x64.Build.0 = Debug|Any CPU
		{B33547B3-DC18-4720-B1FD-A2C64F38BB4F}.Release|Any CPU.ActiveCfg = Release|Any CPU
		{B33547B3-DC18-4720-B1FD-A2C64F38BB4F}.Release|Any CPU.Build.0 = Release|Any CPU
		{B33547B3-DC18-4720-B1FD-A2C64F38BB4F}.Release|x64.ActiveCfg = Release|Any CPU
		{B33547B3-DC18-4720-B1FD-A2C64F38BB4F}.Release|x64.Build.0 = Release|Any CPU
		{26FAEEB6-4241-4738-BE60-847CF3AB016B}.Debug|Any CPU.ActiveCfg = Debug|Any CPU
		{26FAEEB6-4241-4738-BE60-847CF3AB016B}.Debug|Any CPU.Build.0 = Debug|Any CPU
		{26FAEEB6-4241-4738-BE60-847CF3AB016B}.Debug|x64.ActiveCfg = Debug|Any CPU
		{26FAEEB6-4241-4738-BE60-847CF3AB016B}.Debug|x64.Build.0 = Debug|Any CPU
		{26FAEEB6-4241-4738-BE60-847CF3AB016B}.Release|Any CPU.ActiveCfg = Release|Any CPU
		{26FAEEB6-4241-4738-BE60-847CF3AB016B}.Release|Any CPU.Build.0 = Release|Any CPU
		{26FAEEB6-4241-4738-BE60-847CF3AB016B}.Release|x64.ActiveCfg = Release|Any CPU
		{26FAEEB6-4241-4738-BE60-847CF3AB016B}.Release|x64.Build.0 = Release|Any CPU
		{D38DB49F-1367-4C8D-A54D-AC51109744F2}.Debug|Any CPU.ActiveCfg = Debug|Any CPU
		{D38DB49F-1367-4C8D-A54D-AC51109744F2}.Debug|Any CPU.Build.0 = Debug|Any CPU
		{D38DB49F-1367-4C8D-A54D-AC51109744F2}.Debug|x64.ActiveCfg = Debug|x64
		{D38DB49F-1367-4C8D-A54D-AC51109744F2}.Debug|x64.Build.0 = Debug|x64
		{D38DB49F-1367-4C8D-A54D-AC51109744F2}.Release|Any CPU.ActiveCfg = Release|Any CPU
		{D38DB49F-1367-4C8D-A54D-AC51109744F2}.Release|Any CPU.Build.0 = Release|Any CPU
		{D38DB49F-1367-4C8D-A54D-AC51109744F2}.Release|x64.ActiveCfg = Release|x64
		{D38DB49F-1367-4C8D-A54D-AC51109744F2}.Release|x64.Build.0 = Release|x64
		{CB9E4E45-CCAA-457D-9771-16FF70377CAC}.Debug|Any CPU.ActiveCfg = Debug|Any CPU
		{CB9E4E45-CCAA-457D-9771-16FF70377CAC}.Debug|Any CPU.Build.0 = Debug|Any CPU
		{CB9E4E45-CCAA-457D-9771-16FF70377CAC}.Debug|x64.ActiveCfg = Debug|Any CPU
		{CB9E4E45-CCAA-457D-9771-16FF70377CAC}.Debug|x64.Build.0 = Debug|Any CPU
		{CB9E4E45-CCAA-457D-9771-16FF70377CAC}.Release|Any CPU.ActiveCfg = Release|Any CPU
		{CB9E4E45-CCAA-457D-9771-16FF70377CAC}.Release|Any CPU.Build.0 = Release|Any CPU
		{CB9E4E45-CCAA-457D-9771-16FF70377CAC}.Release|x64.ActiveCfg = Release|Any CPU
		{CB9E4E45-CCAA-457D-9771-16FF70377CAC}.Release|x64.Build.0 = Release|Any CPU
	EndGlobalSection
	GlobalSection(SolutionProperties) = preSolution
		HideSolutionNode = FALSE
	EndGlobalSection
	GlobalSection(ExtensibilityGlobals) = postSolution
		SolutionGuid = {C5E167C0-4F67-45A1-8304-1DD4F18B3CD6}
	EndGlobalSection
EndGlobal
